// !$*UTF8*$!
{
	archiveVersion = 1;
	classes = {
	};
	objectVersion = 46;
	objects = {

/* Begin PBXAggregateTarget section */
		3BF5DC1D161B10D000428FA7 /* framework */ = {
			isa = PBXAggregateTarget;
			buildConfigurationList = 3BF5DC1E161B10D000428FA7 /* Build configuration list for PBXAggregateTarget "framework" */;
			buildPhases = (
				3BF5DC23161B10F000428FA7 /* build_framework */,
			);
			dependencies = (
				3BF5DC22161B10DA00428FA7 /* PBXTargetDependency */,
			);
			name = framework;
			productName = framework;
		};
/* End PBXAggregateTarget section */

/* Begin PBXBuildFile section */
		3A210B7E1606786D003DBBF1 /* JSONRPCClient.m in Sources */ = {isa = PBXBuildFile; fileRef = 3A210B771606786D003DBBF1 /* JSONRPCClient.m */; };
		3A210B7F1606786D003DBBF1 /* JSONRPCClient+Invoke.m in Sources */ = {isa = PBXBuildFile; fileRef = 3A210B791606786D003DBBF1 /* JSONRPCClient+Invoke.m */; };
		3A210B801606786D003DBBF1 /* JSONRPCClient+Multicall.m in Sources */ = {isa = PBXBuildFile; fileRef = 3A210B7B1606786D003DBBF1 /* JSONRPCClient+Multicall.m */; };
		3A210B811606786D003DBBF1 /* JSONRPCClient+Notification.m in Sources */ = {isa = PBXBuildFile; fileRef = 3A210B7D1606786D003DBBF1 /* JSONRPCClient+Notification.m */; };
		3A9B622415ED2CD2009A74FB /* UIKit.framework in Frameworks */ = {isa = PBXBuildFile; fileRef = 3A9B622315ED2CD2009A74FB /* UIKit.framework */; };
		3A9B622615ED2CD2009A74FB /* Foundation.framework in Frameworks */ = {isa = PBXBuildFile; fileRef = 3A9B622515ED2CD2009A74FB /* Foundation.framework */; };
		3A9B622815ED2CD2009A74FB /* CoreGraphics.framework in Frameworks */ = {isa = PBXBuildFile; fileRef = 3A9B622715ED2CD2009A74FB /* CoreGraphics.framework */; };
		3A9B622E15ED2CD2009A74FB /* InfoPlist.strings in Resources */ = {isa = PBXBuildFile; fileRef = 3A9B622C15ED2CD2009A74FB /* InfoPlist.strings */; };
		3A9B623015ED2CD2009A74FB /* main.m in Sources */ = {isa = PBXBuildFile; fileRef = 3A9B622F15ED2CD2009A74FB /* main.m */; };
		3A9B623415ED2CD2009A74FB /* AppDelegate.m in Sources */ = {isa = PBXBuildFile; fileRef = 3A9B623315ED2CD2009A74FB /* AppDelegate.m */; };
		3A9B624615ED3010009A74FB /* RPCRequest.m in Sources */ = {isa = PBXBuildFile; fileRef = 3A9B624515ED3010009A74FB /* RPCRequest.m */; };
		3A9B624915ED3021009A74FB /* RPCError.m in Sources */ = {isa = PBXBuildFile; fileRef = 3A9B624815ED3021009A74FB /* RPCError.m */; };
		3A9B624C15ED3030009A74FB /* RPCResponse.m in Sources */ = {isa = PBXBuildFile; fileRef = 3A9B624B15ED3030009A74FB /* RPCResponse.m */; };
		3A9B625E15ED4F8B009A74FB /* CHANGELOG.md in Resources */ = {isa = PBXBuildFile; fileRef = 3A9B625A15ED4F8B009A74FB /* CHANGELOG.md */; };
		3A9B625F15ED4F8B009A74FB /* JSONKit.m in Sources */ = {isa = PBXBuildFile; fileRef = 3A9B625C15ED4F8B009A74FB /* JSONKit.m */; };
		3A9B626015ED4F8B009A74FB /* README.md in Resources */ = {isa = PBXBuildFile; fileRef = 3A9B625D15ED4F8B009A74FB /* README.md */; };
		3BE89848161ACF0600AEB2CD /* Foundation.framework in Frameworks */ = {isa = PBXBuildFile; fileRef = 3A9B622515ED2CD2009A74FB /* Foundation.framework */; };
		3BE8984D161ACF0600AEB2CD /* jsonrpc.h in CopyFiles */ = {isa = PBXBuildFile; fileRef = 3BE8984C161ACF0600AEB2CD /* jsonrpc.h */; };
		3BE8984F161ACF0600AEB2CD /* jsonrpc.m in Sources */ = {isa = PBXBuildFile; fileRef = 3BE8984E161ACF0600AEB2CD /* jsonrpc.m */; };
		3BE89854161ACF3A00AEB2CD /* RPCRequest.m in Sources */ = {isa = PBXBuildFile; fileRef = 3A9B624515ED3010009A74FB /* RPCRequest.m */; };
		3BE89855161ACF3B00AEB2CD /* RPCResponse.m in Sources */ = {isa = PBXBuildFile; fileRef = 3A9B624B15ED3030009A74FB /* RPCResponse.m */; };
		3BE89856161ACF3D00AEB2CD /* RPCError.m in Sources */ = {isa = PBXBuildFile; fileRef = 3A9B624815ED3021009A74FB /* RPCError.m */; };
		3BE89857161ACF4000AEB2CD /* JSONRPCClient.m in Sources */ = {isa = PBXBuildFile; fileRef = 3A210B771606786D003DBBF1 /* JSONRPCClient.m */; };
		3BE89858161ACF4200AEB2CD /* JSONRPCClient+Invoke.m in Sources */ = {isa = PBXBuildFile; fileRef = 3A210B791606786D003DBBF1 /* JSONRPCClient+Invoke.m */; };
		3BE89859161ACF4400AEB2CD /* JSONRPCClient+Multicall.m in Sources */ = {isa = PBXBuildFile; fileRef = 3A210B7B1606786D003DBBF1 /* JSONRPCClient+Multicall.m */; };
		3BE8985A161ACF4600AEB2CD /* JSONRPCClient+Notification.m in Sources */ = {isa = PBXBuildFile; fileRef = 3A210B7D1606786D003DBBF1 /* JSONRPCClient+Notification.m */; };
		3BE8985B161ACF4C00AEB2CD /* JSONKit.m in Sources */ = {isa = PBXBuildFile; fileRef = 3A9B625C15ED4F8B009A74FB /* JSONKit.m */; };
		3BE8985C161ACF5200AEB2CD /* RPCRequest.h in CopyFiles */ = {isa = PBXBuildFile; fileRef = 3A9B624415ED3010009A74FB /* RPCRequest.h */; };
		3BE8985D161ACF5300AEB2CD /* RPCResponse.h in CopyFiles */ = {isa = PBXBuildFile; fileRef = 3A9B624A15ED3030009A74FB /* RPCResponse.h */; };
		3BE8985F161ACF5C00AEB2CD /* RPCError.h in CopyFiles */ = {isa = PBXBuildFile; fileRef = 3A9B624715ED3021009A74FB /* RPCError.h */; };
		3BE89860161ACF5E00AEB2CD /* JSONRPCClient.h in CopyFiles */ = {isa = PBXBuildFile; fileRef = 3A210B761606786D003DBBF1 /* JSONRPCClient.h */; };
		3BE89861161ACF6200AEB2CD /* JSONRPCClient+Invoke.h in CopyFiles */ = {isa = PBXBuildFile; fileRef = 3A210B781606786D003DBBF1 /* JSONRPCClient+Invoke.h */; };
		3BE89862161ACF6400AEB2CD /* JSONRPCClient+Multicall.h in CopyFiles */ = {isa = PBXBuildFile; fileRef = 3A210B7A1606786D003DBBF1 /* JSONRPCClient+Multicall.h */; };
		3BE89863161ACF6700AEB2CD /* JSONRPCClient+Notification.h in CopyFiles */ = {isa = PBXBuildFile; fileRef = 3A210B7C1606786D003DBBF1 /* JSONRPCClient+Notification.h */; };
		3BF5DC7B161B233D00428FA7 /* FixCategoryBug.h in CopyFiles */ = {isa = PBXBuildFile; fileRef = 3BF5DC79161B216A00428FA7 /* FixCategoryBug.h */; };
/* End PBXBuildFile section */

/* Begin PBXContainerItemProxy section */
		3BF5DC21161B10DA00428FA7 /* PBXContainerItemProxy */ = {
			isa = PBXContainerItemProxy;
			containerPortal = 3A9B621615ED2CD2009A74FB /* Project object */;
			proxyType = 1;
			remoteGlobalIDString = 3BE89846161ACF0600AEB2CD;
			remoteInfo = jsonrpc;
		};
/* End PBXContainerItemProxy section */

/* Begin PBXCopyFilesBuildPhase section */
		3BE89845161ACF0600AEB2CD /* CopyFiles */ = {
			isa = PBXCopyFilesBuildPhase;
			buildActionMask = 2147483647;
			dstPath = "include/${PRODUCT_NAME}";
			dstSubfolderSpec = 16;
			files = (
				3BF5DC7B161B233D00428FA7 /* FixCategoryBug.h in CopyFiles */,
				3BE8984D161ACF0600AEB2CD /* jsonrpc.h in CopyFiles */,
				3BE8985C161ACF5200AEB2CD /* RPCRequest.h in CopyFiles */,
				3BE8985D161ACF5300AEB2CD /* RPCResponse.h in CopyFiles */,
				3BE8985F161ACF5C00AEB2CD /* RPCError.h in CopyFiles */,
				3BE89860161ACF5E00AEB2CD /* JSONRPCClient.h in CopyFiles */,
				3BE89861161ACF6200AEB2CD /* JSONRPCClient+Invoke.h in CopyFiles */,
				3BE89862161ACF6400AEB2CD /* JSONRPCClient+Multicall.h in CopyFiles */,
				3BE89863161ACF6700AEB2CD /* JSONRPCClient+Notification.h in CopyFiles */,
			);
			runOnlyForDeploymentPostprocessing = 0;
		};
/* End PBXCopyFilesBuildPhase section */

/* Begin PBXFileReference section */
		3A210B761606786D003DBBF1 /* JSONRPCClient.h */ = {isa = PBXFileReference; fileEncoding = 4; lastKnownFileType = sourcecode.c.h; name = JSONRPCClient.h; path = "RPC Client/Client/JSONRPCClient.h"; sourceTree = "<group>"; };
		3A210B771606786D003DBBF1 /* JSONRPCClient.m */ = {isa = PBXFileReference; fileEncoding = 4; lastKnownFileType = sourcecode.c.objc; name = JSONRPCClient.m; path = "RPC Client/Client/JSONRPCClient.m"; sourceTree = "<group>"; };
		3A210B781606786D003DBBF1 /* JSONRPCClient+Invoke.h */ = {isa = PBXFileReference; fileEncoding = 4; lastKnownFileType = sourcecode.c.h; name = "JSONRPCClient+Invoke.h"; path = "RPC Client/Client/JSONRPCClient+Invoke.h"; sourceTree = "<group>"; };
		3A210B791606786D003DBBF1 /* JSONRPCClient+Invoke.m */ = {isa = PBXFileReference; fileEncoding = 4; lastKnownFileType = sourcecode.c.objc; name = "JSONRPCClient+Invoke.m"; path = "RPC Client/Client/JSONRPCClient+Invoke.m"; sourceTree = "<group>"; };
		3A210B7A1606786D003DBBF1 /* JSONRPCClient+Multicall.h */ = {isa = PBXFileReference; fileEncoding = 4; lastKnownFileType = sourcecode.c.h; name = "JSONRPCClient+Multicall.h"; path = "RPC Client/Client/JSONRPCClient+Multicall.h"; sourceTree = "<group>"; };
		3A210B7B1606786D003DBBF1 /* JSONRPCClient+Multicall.m */ = {isa = PBXFileReference; fileEncoding = 4; lastKnownFileType = sourcecode.c.objc; name = "JSONRPCClient+Multicall.m"; path = "RPC Client/Client/JSONRPCClient+Multicall.m"; sourceTree = "<group>"; };
		3A210B7C1606786D003DBBF1 /* JSONRPCClient+Notification.h */ = {isa = PBXFileReference; fileEncoding = 4; lastKnownFileType = sourcecode.c.h; name = "JSONRPCClient+Notification.h"; path = "RPC Client/Client/JSONRPCClient+Notification.h"; sourceTree = "<group>"; };
		3A210B7D1606786D003DBBF1 /* JSONRPCClient+Notification.m */ = {isa = PBXFileReference; fileEncoding = 4; lastKnownFileType = sourcecode.c.objc; name = "JSONRPCClient+Notification.m"; path = "RPC Client/Client/JSONRPCClient+Notification.m"; sourceTree = "<group>"; };
		3A9B621F15ED2CD2009A74FB /* objc-JSONRpc.app */ = {isa = PBXFileReference; explicitFileType = wrapper.application; includeInIndex = 0; path = "objc-JSONRpc.app"; sourceTree = BUILT_PRODUCTS_DIR; };
		3A9B622315ED2CD2009A74FB /* UIKit.framework */ = {isa = PBXFileReference; lastKnownFileType = wrapper.framework; name = UIKit.framework; path = System/Library/Frameworks/UIKit.framework; sourceTree = SDKROOT; };
		3A9B622515ED2CD2009A74FB /* Foundation.framework */ = {isa = PBXFileReference; lastKnownFileType = wrapper.framework; name = Foundation.framework; path = System/Library/Frameworks/Foundation.framework; sourceTree = SDKROOT; };
		3A9B622715ED2CD2009A74FB /* CoreGraphics.framework */ = {isa = PBXFileReference; lastKnownFileType = wrapper.framework; name = CoreGraphics.framework; path = System/Library/Frameworks/CoreGraphics.framework; sourceTree = SDKROOT; };
		3A9B622B15ED2CD2009A74FB /* objc-JSONRpc-Info.plist */ = {isa = PBXFileReference; lastKnownFileType = text.plist.xml; path = "objc-JSONRpc-Info.plist"; sourceTree = "<group>"; };
		3A9B622D15ED2CD2009A74FB /* en */ = {isa = PBXFileReference; lastKnownFileType = text.plist.strings; name = en; path = en.lproj/InfoPlist.strings; sourceTree = "<group>"; };
		3A9B622F15ED2CD2009A74FB /* main.m */ = {isa = PBXFileReference; lastKnownFileType = sourcecode.c.objc; path = main.m; sourceTree = "<group>"; };
		3A9B623115ED2CD2009A74FB /* objc-JSONRpc-Prefix.pch */ = {isa = PBXFileReference; lastKnownFileType = sourcecode.c.h; path = "objc-JSONRpc-Prefix.pch"; sourceTree = "<group>"; };
		3A9B623215ED2CD2009A74FB /* AppDelegate.h */ = {isa = PBXFileReference; lastKnownFileType = sourcecode.c.h; path = AppDelegate.h; sourceTree = "<group>"; };
		3A9B623315ED2CD2009A74FB /* AppDelegate.m */ = {isa = PBXFileReference; lastKnownFileType = sourcecode.c.objc; path = AppDelegate.m; sourceTree = "<group>"; };
		3A9B624415ED3010009A74FB /* RPCRequest.h */ = {isa = PBXFileReference; fileEncoding = 4; lastKnownFileType = sourcecode.c.h; name = RPCRequest.h; path = "RPC Client/Models/RPCRequest.h"; sourceTree = "<group>"; };
		3A9B624515ED3010009A74FB /* RPCRequest.m */ = {isa = PBXFileReference; fileEncoding = 4; lastKnownFileType = sourcecode.c.objc; name = RPCRequest.m; path = "RPC Client/Models/RPCRequest.m"; sourceTree = "<group>"; };
		3A9B624715ED3021009A74FB /* RPCError.h */ = {isa = PBXFileReference; fileEncoding = 4; lastKnownFileType = sourcecode.c.h; name = RPCError.h; path = "RPC Client/Models/RPCError.h"; sourceTree = "<group>"; };
		3A9B624815ED3021009A74FB /* RPCError.m */ = {isa = PBXFileReference; fileEncoding = 4; lastKnownFileType = sourcecode.c.objc; name = RPCError.m; path = "RPC Client/Models/RPCError.m"; sourceTree = "<group>"; };
		3A9B624A15ED3030009A74FB /* RPCResponse.h */ = {isa = PBXFileReference; fileEncoding = 4; lastKnownFileType = sourcecode.c.h; name = RPCResponse.h; path = "RPC Client/Models/RPCResponse.h"; sourceTree = "<group>"; };
		3A9B624B15ED3030009A74FB /* RPCResponse.m */ = {isa = PBXFileReference; fileEncoding = 4; lastKnownFileType = sourcecode.c.objc; name = RPCResponse.m; path = "RPC Client/Models/RPCResponse.m"; sourceTree = "<group>"; };
		3A9B625A15ED4F8B009A74FB /* CHANGELOG.md */ = {isa = PBXFileReference; fileEncoding = 4; lastKnownFileType = text; path = CHANGELOG.md; sourceTree = "<group>"; };
		3A9B625B15ED4F8B009A74FB /* JSONKit.h */ = {isa = PBXFileReference; fileEncoding = 4; lastKnownFileType = sourcecode.c.h; path = JSONKit.h; sourceTree = "<group>"; };
		3A9B625C15ED4F8B009A74FB /* JSONKit.m */ = {isa = PBXFileReference; fileEncoding = 4; lastKnownFileType = sourcecode.c.objc; path = JSONKit.m; sourceTree = "<group>"; };
		3A9B625D15ED4F8B009A74FB /* README.md */ = {isa = PBXFileReference; fileEncoding = 4; lastKnownFileType = text; path = README.md; sourceTree = "<group>"; };
		3BE89847161ACF0600AEB2CD /* libjsonrpc.a */ = {isa = PBXFileReference; explicitFileType = archive.ar; includeInIndex = 0; path = libjsonrpc.a; sourceTree = BUILT_PRODUCTS_DIR; };
		3BE8984B161ACF0600AEB2CD /* jsonrpc-Prefix.pch */ = {isa = PBXFileReference; lastKnownFileType = sourcecode.c.h; path = "jsonrpc-Prefix.pch"; sourceTree = "<group>"; };
		3BE8984C161ACF0600AEB2CD /* jsonrpc.h */ = {isa = PBXFileReference; lastKnownFileType = sourcecode.c.h; path = jsonrpc.h; sourceTree = "<group>"; };
		3BE8984E161ACF0600AEB2CD /* jsonrpc.m */ = {isa = PBXFileReference; lastKnownFileType = sourcecode.c.objc; path = jsonrpc.m; sourceTree = "<group>"; };
		3BF5DC79161B216A00428FA7 /* FixCategoryBug.h */ = {isa = PBXFileReference; lastKnownFileType = sourcecode.c.h; path = FixCategoryBug.h; sourceTree = "<group>"; };
/* End PBXFileReference section */

/* Begin PBXFrameworksBuildPhase section */
		3A9B621C15ED2CD2009A74FB /* Frameworks */ = {
			isa = PBXFrameworksBuildPhase;
			buildActionMask = 2147483647;
			files = (
				3A9B622415ED2CD2009A74FB /* UIKit.framework in Frameworks */,
				3A9B622615ED2CD2009A74FB /* Foundation.framework in Frameworks */,
				3A9B622815ED2CD2009A74FB /* CoreGraphics.framework in Frameworks */,
			);
			runOnlyForDeploymentPostprocessing = 0;
		};
		3BE89844161ACF0600AEB2CD /* Frameworks */ = {
			isa = PBXFrameworksBuildPhase;
			buildActionMask = 2147483647;
			files = (
				3BE89848161ACF0600AEB2CD /* Foundation.framework in Frameworks */,
			);
			runOnlyForDeploymentPostprocessing = 0;
		};
/* End PBXFrameworksBuildPhase section */

/* Begin PBXGroup section */
		3A9B621415ED2CD2009A74FB = {
			isa = PBXGroup;
			children = (
				3A9B622915ED2CD2009A74FB /* objc-JSONRpc */,
				3BE89849161ACF0600AEB2CD /* jsonrpc */,
				3A9B622215ED2CD2009A74FB /* Frameworks */,
				3A9B622015ED2CD2009A74FB /* Products */,
			);
			sourceTree = "<group>";
		};
		3A9B622015ED2CD2009A74FB /* Products */ = {
			isa = PBXGroup;
			children = (
				3A9B621F15ED2CD2009A74FB /* objc-JSONRpc.app */,
				3BE89847161ACF0600AEB2CD /* libjsonrpc.a */,
			);
			name = Products;
			sourceTree = "<group>";
		};
		3A9B622215ED2CD2009A74FB /* Frameworks */ = {
			isa = PBXGroup;
			children = (
				3A9B622315ED2CD2009A74FB /* UIKit.framework */,
				3A9B622515ED2CD2009A74FB /* Foundation.framework */,
				3A9B622715ED2CD2009A74FB /* CoreGraphics.framework */,
			);
			name = Frameworks;
			sourceTree = "<group>";
		};
		3A9B622915ED2CD2009A74FB /* objc-JSONRpc */ = {
			isa = PBXGroup;
			children = (
				3A9B622A15ED2CD2009A74FB /* Supporting Files */,
				3A9B623B15ED2CEC009A74FB /* RPC Client */,
				3A9B623215ED2CD2009A74FB /* AppDelegate.h */,
				3A9B623315ED2CD2009A74FB /* AppDelegate.m */,
			);
			path = "objc-JSONRpc";
			sourceTree = "<group>";
		};
		3A9B622A15ED2CD2009A74FB /* Supporting Files */ = {
			isa = PBXGroup;
			children = (
				3A9B622B15ED2CD2009A74FB /* objc-JSONRpc-Info.plist */,
				3A9B622C15ED2CD2009A74FB /* InfoPlist.strings */,
				3A9B622F15ED2CD2009A74FB /* main.m */,
				3A9B623115ED2CD2009A74FB /* objc-JSONRpc-Prefix.pch */,
			);
			name = "Supporting Files";
			sourceTree = "<group>";
		};
		3A9B623B15ED2CEC009A74FB /* RPC Client */ = {
			isa = PBXGroup;
			children = (
				3A9B625815ED4F8B009A74FB /* Helpers */,
				3A9B623D15ED2F5E009A74FB /* Models */,
				3A9B623C15ED2F48009A74FB /* Client */,
			);
			name = "RPC Client";
			sourceTree = "<group>";
		};
		3A9B623C15ED2F48009A74FB /* Client */ = {
			isa = PBXGroup;
			children = (
				3A210B761606786D003DBBF1 /* JSONRPCClient.h */,
				3A210B771606786D003DBBF1 /* JSONRPCClient.m */,
				3A210B781606786D003DBBF1 /* JSONRPCClient+Invoke.h */,
				3A210B791606786D003DBBF1 /* JSONRPCClient+Invoke.m */,
				3A210B7A1606786D003DBBF1 /* JSONRPCClient+Multicall.h */,
				3A210B7B1606786D003DBBF1 /* JSONRPCClient+Multicall.m */,
				3A210B7C1606786D003DBBF1 /* JSONRPCClient+Notification.h */,
				3A210B7D1606786D003DBBF1 /* JSONRPCClient+Notification.m */,
			);
			name = Client;
			sourceTree = "<group>";
		};
		3A9B623D15ED2F5E009A74FB /* Models */ = {
			isa = PBXGroup;
			children = (
				3A9B624415ED3010009A74FB /* RPCRequest.h */,
				3A9B624515ED3010009A74FB /* RPCRequest.m */,
				3A9B624A15ED3030009A74FB /* RPCResponse.h */,
				3A9B624B15ED3030009A74FB /* RPCResponse.m */,
				3A9B624715ED3021009A74FB /* RPCError.h */,
				3A9B624815ED3021009A74FB /* RPCError.m */,
			);
			name = Models;
			sourceTree = "<group>";
		};
		3A9B625815ED4F8B009A74FB /* Helpers */ = {
			isa = PBXGroup;
			children = (
				3A9B625915ED4F8B009A74FB /* JSONKit */,
				3BF5DC79161B216A00428FA7 /* FixCategoryBug.h */,
			);
			name = Helpers;
			path = "RPC Client/Helpers";
			sourceTree = "<group>";
		};
		3A9B625915ED4F8B009A74FB /* JSONKit */ = {
			isa = PBXGroup;
			children = (
				3A9B625A15ED4F8B009A74FB /* CHANGELOG.md */,
				3A9B625D15ED4F8B009A74FB /* README.md */,
				3A9B625B15ED4F8B009A74FB /* JSONKit.h */,
				3A9B625C15ED4F8B009A74FB /* JSONKit.m */,
			);
			path = JSONKit;
			sourceTree = "<group>";
		};
		3BE89849161ACF0600AEB2CD /* jsonrpc */ = {
			isa = PBXGroup;
			children = (
				3BE8984C161ACF0600AEB2CD /* jsonrpc.h */,
				3BE8984E161ACF0600AEB2CD /* jsonrpc.m */,
				3BE8984A161ACF0600AEB2CD /* Supporting Files */,
			);
			path = jsonrpc;
			sourceTree = "<group>";
		};
		3BE8984A161ACF0600AEB2CD /* Supporting Files */ = {
			isa = PBXGroup;
			children = (
				3BE8984B161ACF0600AEB2CD /* jsonrpc-Prefix.pch */,
			);
			name = "Supporting Files";
			sourceTree = "<group>";
		};
/* End PBXGroup section */

/* Begin PBXNativeTarget section */
		3A9B621E15ED2CD2009A74FB /* objc-JSONRpc */ = {
			isa = PBXNativeTarget;
			buildConfigurationList = 3A9B623715ED2CD2009A74FB /* Build configuration list for PBXNativeTarget "objc-JSONRpc" */;
			buildPhases = (
				3A9B621B15ED2CD2009A74FB /* Sources */,
				3A9B621C15ED2CD2009A74FB /* Frameworks */,
				3A9B621D15ED2CD2009A74FB /* Resources */,
			);
			buildRules = (
			);
			dependencies = (
			);
			name = "objc-JSONRpc";
			productName = "objc-JSONRpc";
			productReference = 3A9B621F15ED2CD2009A74FB /* objc-JSONRpc.app */;
			productType = "com.apple.product-type.application";
		};
		3BE89846161ACF0600AEB2CD /* jsonrpc */ = {
			isa = PBXNativeTarget;
			buildConfigurationList = 3BE89852161ACF0600AEB2CD /* Build configuration list for PBXNativeTarget "jsonrpc" */;
			buildPhases = (
				3BE89843161ACF0600AEB2CD /* Sources */,
				3BE89844161ACF0600AEB2CD /* Frameworks */,
				3BE89845161ACF0600AEB2CD /* CopyFiles */,
				3BF5DBFB161B0C8B00428FA7 /* prepare framework */,
			);
			buildRules = (
			);
			dependencies = (
			);
			name = jsonrpc;
			productName = jsonrpc;
			productReference = 3BE89847161ACF0600AEB2CD /* libjsonrpc.a */;
			productType = "com.apple.product-type.library.static";
		};
/* End PBXNativeTarget section */

/* Begin PBXProject section */
		3A9B621615ED2CD2009A74FB /* Project object */ = {
			isa = PBXProject;
			attributes = {
				LastUpgradeCheck = 0440;
				ORGANIZATIONNAME = "Rasmus Styrk";
			};
			buildConfigurationList = 3A9B621915ED2CD2009A74FB /* Build configuration list for PBXProject "objc-JSONRpc" */;
			compatibilityVersion = "Xcode 3.2";
			developmentRegion = English;
			hasScannedForEncodings = 0;
			knownRegions = (
				en,
			);
			mainGroup = 3A9B621415ED2CD2009A74FB;
			productRefGroup = 3A9B622015ED2CD2009A74FB /* Products */;
			projectDirPath = "";
			projectRoot = "";
			targets = (
				3A9B621E15ED2CD2009A74FB /* objc-JSONRpc */,
				3BE89846161ACF0600AEB2CD /* jsonrpc */,
				3BF5DC1D161B10D000428FA7 /* framework */,
			);
		};
/* End PBXProject section */

/* Begin PBXResourcesBuildPhase section */
		3A9B621D15ED2CD2009A74FB /* Resources */ = {
			isa = PBXResourcesBuildPhase;
			buildActionMask = 2147483647;
			files = (
				3A9B622E15ED2CD2009A74FB /* InfoPlist.strings in Resources */,
				3A9B625E15ED4F8B009A74FB /* CHANGELOG.md in Resources */,
				3A9B626015ED4F8B009A74FB /* README.md in Resources */,
			);
			runOnlyForDeploymentPostprocessing = 0;
		};
/* End PBXResourcesBuildPhase section */

/* Begin PBXShellScriptBuildPhase section */
		3BF5DBFB161B0C8B00428FA7 /* prepare framework */ = {
			isa = PBXShellScriptBuildPhase;
			buildActionMask = 2147483647;
			files = (
			);
			inputPaths = (
			);
			name = "prepare framework";
			outputPaths = (
			);
			runOnlyForDeploymentPostprocessing = 0;
			shellPath = /bin/sh;
			shellScript = "set -e\n\nmkdir -p \"${BUILT_PRODUCTS_DIR}/${PRODUCT_NAME}.framework/Versions/A/Headers\"\n\n# Link the \"Current\" version to \"A\"\n/bin/ln -sfh A \"${BUILT_PRODUCTS_DIR}/${PRODUCT_NAME}.framework/Versions/Current\"\n/bin/ln -sfh Versions/Current/Headers \"${BUILT_PRODUCTS_DIR}/${PRODUCT_NAME}.framework/Headers\"\n/bin/ln -sfh \"Versions/Current/${PRODUCT_NAME}\" \"${BUILT_PRODUCTS_DIR}/${PRODUCT_NAME}.framework/${PRODUCT_NAME}\"\n\n# The -a ensures that the headers maintain the source modification date so that we don't constantly\n# cause propagating rebuilds of files that import these headers.\n/bin/cp -a \"${TARGET_BUILD_DIR}/${PUBLIC_HEADERS_FOLDER_PATH}/\" \"${BUILT_PRODUCTS_DIR}/${PRODUCT_NAME}.framework/Versions/A/Headers\"";
		};
		3BF5DC23161B10F000428FA7 /* build_framework */ = {
			isa = PBXShellScriptBuildPhase;
			buildActionMask = 2147483647;
			files = (
			);
			inputPaths = (
			);
			name = build_framework;
			outputPaths = (
			);
			runOnlyForDeploymentPostprocessing = 0;
			shellPath = /bin/sh;
			shellScript = "set -e\nset +u\n# Avoid recursively calling this script.\nif [[ $SF_MASTER_SCRIPT_RUNNING ]]\nthen\nexit 0\nfi\nset -u\nexport SF_MASTER_SCRIPT_RUNNING=1\n\nSF_TARGET_NAME=\"jsonrpc\"\nSF_EXECUTABLE_PATH=\"lib${SF_TARGET_NAME}.a\"\nSF_WRAPPER_NAME=\"${SF_TARGET_NAME}.framework\"\n\n# The following conditionals come from\n# https://github.com/kstenerud/iOS-Universal-Framework\n\nif [[ \"$SDK_NAME\" =~ ([A-Za-z]+) ]]\nthen\nSF_SDK_PLATFORM=${BASH_REMATCH[1]}\nelse\necho \"Could not find platform name from SDK_NAME: $SDK_NAME\"\nexit 1\nfi\n\nif [[ \"$SDK_NAME\" =~ ([0-9]+.*$) ]]\nthen\nSF_SDK_VERSION=${BASH_REMATCH[1]}\nelse\necho \"Could not find sdk version from SDK_NAME: $SDK_NAME\"\nexit 1\nfi\n\nif [[ \"$SF_SDK_PLATFORM\" = \"iphoneos\" ]]\nthen\nSF_OTHER_PLATFORM=iphonesimulator\nelse\nSF_OTHER_PLATFORM=iphoneos\nfi\n\nif [[ \"$BUILT_PRODUCTS_DIR\" =~ (.*)$SF_SDK_PLATFORM$ ]]\nthen\nSF_OTHER_BUILT_PRODUCTS_DIR=\"${BASH_REMATCH[1]}${SF_OTHER_PLATFORM}\"\nelse\necho \"Could not find platform name from build products directory: $BUILT_PRODUCTS_DIR\"\nexit 1\nfi\n\n# Build the other platform.\nxcodebuild -project \"${PROJECT_FILE_PATH}\" -target \"${TARGET_NAME}\" -configuration \"${CONFIGURATION}\" -sdk ${SF_OTHER_PLATFORM}${SF_SDK_VERSION} BUILD_DIR=\"${BUILD_DIR}\" OBJROOT=\"${OBJROOT}\" BUILD_ROOT=\"${BUILD_ROOT}\" SYMROOT=\"${SYMROOT}\" $ACTION\n\n# Smash the two static libraries into one fat binary and store it in the .framework\nlipo -create \"${BUILT_PRODUCTS_DIR}/${SF_EXECUTABLE_PATH}\" \"${SF_OTHER_BUILT_PRODUCTS_DIR}/${SF_EXECUTABLE_PATH}\" -output \"${BUILT_PRODUCTS_DIR}/${SF_WRAPPER_NAME}/Versions/A/${SF_TARGET_NAME}\"\n\n# Copy the binary to the other architecture folder to have a complete framework in both.\ncp -a \"${BUILT_PRODUCTS_DIR}/${SF_WRAPPER_NAME}/Versions/A/${SF_TARGET_NAME}\" \"${SF_OTHER_BUILT_PRODUCTS_DIR}/${SF_WRAPPER_NAME}/Versions/A/${SF_TARGET_NAME}\"\n\nrm -rf \"${PROJECT_DIR}/${SF_WRAPPER_NAME}\"\ncp -a \"${SF_OTHER_BUILT_PRODUCTS_DIR}/${SF_WRAPPER_NAME}\" \"${PROJECT_DIR}\"\n";
		};
/* End PBXShellScriptBuildPhase section */

/* Begin PBXSourcesBuildPhase section */
		3A9B621B15ED2CD2009A74FB /* Sources */ = {
			isa = PBXSourcesBuildPhase;
			buildActionMask = 2147483647;
			files = (
				3A9B623015ED2CD2009A74FB /* main.m in Sources */,
				3A9B623415ED2CD2009A74FB /* AppDelegate.m in Sources */,
				3A9B624615ED3010009A74FB /* RPCRequest.m in Sources */,
				3A9B624915ED3021009A74FB /* RPCError.m in Sources */,
				3A9B624C15ED3030009A74FB /* RPCResponse.m in Sources */,
				3A9B625F15ED4F8B009A74FB /* JSONKit.m in Sources */,
				3A210B7E1606786D003DBBF1 /* JSONRPCClient.m in Sources */,
				3A210B7F1606786D003DBBF1 /* JSONRPCClient+Invoke.m in Sources */,
				3A210B801606786D003DBBF1 /* JSONRPCClient+Multicall.m in Sources */,
				3A210B811606786D003DBBF1 /* JSONRPCClient+Notification.m in Sources */,
			);
			runOnlyForDeploymentPostprocessing = 0;
		};
		3BE89843161ACF0600AEB2CD /* Sources */ = {
			isa = PBXSourcesBuildPhase;
			buildActionMask = 2147483647;
			files = (
				3BE8984F161ACF0600AEB2CD /* jsonrpc.m in Sources */,
				3BE89854161ACF3A00AEB2CD /* RPCRequest.m in Sources */,
				3BE89855161ACF3B00AEB2CD /* RPCResponse.m in Sources */,
				3BE89856161ACF3D00AEB2CD /* RPCError.m in Sources */,
				3BE89857161ACF4000AEB2CD /* JSONRPCClient.m in Sources */,
				3BE89858161ACF4200AEB2CD /* JSONRPCClient+Invoke.m in Sources */,
				3BE89859161ACF4400AEB2CD /* JSONRPCClient+Multicall.m in Sources */,
				3BE8985A161ACF4600AEB2CD /* JSONRPCClient+Notification.m in Sources */,
				3BE8985B161ACF4C00AEB2CD /* JSONKit.m in Sources */,
			);
			runOnlyForDeploymentPostprocessing = 0;
		};
/* End PBXSourcesBuildPhase section */

/* Begin PBXTargetDependency section */
		3BF5DC22161B10DA00428FA7 /* PBXTargetDependency */ = {
			isa = PBXTargetDependency;
			target = 3BE89846161ACF0600AEB2CD /* jsonrpc */;
			targetProxy = 3BF5DC21161B10DA00428FA7 /* PBXContainerItemProxy */;
		};
/* End PBXTargetDependency section */

/* Begin PBXVariantGroup section */
		3A9B622C15ED2CD2009A74FB /* InfoPlist.strings */ = {
			isa = PBXVariantGroup;
			children = (
				3A9B622D15ED2CD2009A74FB /* en */,
			);
			name = InfoPlist.strings;
			sourceTree = "<group>";
		};
/* End PBXVariantGroup section */

/* Begin XCBuildConfiguration section */
		3A9B623515ED2CD2009A74FB /* Debug */ = {
			isa = XCBuildConfiguration;
			buildSettings = {
				ALWAYS_SEARCH_USER_PATHS = NO;
				ARCHS = "$(ARCHS_STANDARD_32_BIT)";
				CLANG_CXX_LANGUAGE_STANDARD = "gnu++0x";
				CLANG_WARN__DUPLICATE_METHOD_MATCH = YES;
				"CODE_SIGN_IDENTITY[sdk=iphoneos*]" = "iPhone Developer";
				COPY_PHASE_STRIP = NO;
				GCC_C_LANGUAGE_STANDARD = gnu99;
				GCC_DYNAMIC_NO_PIC = NO;
				GCC_OPTIMIZATION_LEVEL = 0;
				GCC_PREPROCESSOR_DEFINITIONS = (
					"DEBUG=1",
					"$(inherited)",
				);
				GCC_SYMBOLS_PRIVATE_EXTERN = NO;
				GCC_VERSION = com.apple.compilers.llvm.clang.1_0;
				GCC_WARN_ABOUT_RETURN_TYPE = YES;
				GCC_WARN_UNINITIALIZED_AUTOS = YES;
				GCC_WARN_UNUSED_VARIABLE = YES;
				IPHONEOS_DEPLOYMENT_TARGET = 5.1;
				SDKROOT = iphoneos;
				TARGETED_DEVICE_FAMILY = "1,2";
			};
			name = Debug;
		};
		3A9B623615ED2CD2009A74FB /* Release */ = {
			isa = XCBuildConfiguration;
			buildSettings = {
				ALWAYS_SEARCH_USER_PATHS = NO;
				ARCHS = "$(ARCHS_STANDARD_32_BIT)";
				CLANG_CXX_LANGUAGE_STANDARD = "gnu++0x";
				CLANG_WARN__DUPLICATE_METHOD_MATCH = YES;
				"CODE_SIGN_IDENTITY[sdk=iphoneos*]" = "iPhone Developer";
				COPY_PHASE_STRIP = YES;
				GCC_C_LANGUAGE_STANDARD = gnu99;
				GCC_VERSION = com.apple.compilers.llvm.clang.1_0;
				GCC_WARN_ABOUT_RETURN_TYPE = YES;
				GCC_WARN_UNINITIALIZED_AUTOS = YES;
				GCC_WARN_UNUSED_VARIABLE = YES;
				IPHONEOS_DEPLOYMENT_TARGET = 5.1;
				OTHER_CFLAGS = "-DNS_BLOCK_ASSERTIONS=1";
				SDKROOT = iphoneos;
				TARGETED_DEVICE_FAMILY = "1,2";
				VALIDATE_PRODUCT = YES;
			};
			name = Release;
		};
		3A9B623815ED2CD2009A74FB /* Debug */ = {
			isa = XCBuildConfiguration;
			buildSettings = {
				GCC_PRECOMPILE_PREFIX_HEADER = YES;
				GCC_PREFIX_HEADER = "objc-JSONRpc/objc-JSONRpc-Prefix.pch";
				INFOPLIST_FILE = "objc-JSONRpc/objc-JSONRpc-Info.plist";
				PRODUCT_NAME = "$(TARGET_NAME)";
				WRAPPER_EXTENSION = app;
			};
			name = Debug;
		};
		3A9B623915ED2CD2009A74FB /* Release */ = {
			isa = XCBuildConfiguration;
			buildSettings = {
				GCC_PRECOMPILE_PREFIX_HEADER = YES;
				GCC_PREFIX_HEADER = "objc-JSONRpc/objc-JSONRpc-Prefix.pch";
				INFOPLIST_FILE = "objc-JSONRpc/objc-JSONRpc-Info.plist";
				PRODUCT_NAME = "$(TARGET_NAME)";
				WRAPPER_EXTENSION = app;
			};
			name = Release;
		};
		3BE89850161ACF0600AEB2CD /* Debug */ = {
			isa = XCBuildConfiguration;
			buildSettings = {
				CLANG_CXX_LIBRARY = "libc++";
				CLANG_WARN_EMPTY_BODY = YES;
				COPY_PHASE_STRIP = NO;
				DEAD_CODE_STRIPPING = NO;
				DSTROOT = /tmp/jsonrpc.dst;
				GCC_PRECOMPILE_PREFIX_HEADER = YES;
				GCC_PREFIX_HEADER = "jsonrpc/jsonrpc-Prefix.pch";
				IPHONEOS_DEPLOYMENT_TARGET = 4.3;
				OTHER_LDFLAGS = "-ObjC";
				PRODUCT_NAME = "$(TARGET_NAME)";
				PUBLIC_HEADERS_FOLDER_PATH = include/jsonrpc/;
				SKIP_INSTALL = YES;
				STRIP_STYLE = "non-global";
			};
			name = Debug;
		};
		3BE89851161ACF0600AEB2CD /* Release */ = {
			isa = XCBuildConfiguration;
			buildSettings = {
				CLANG_CXX_LIBRARY = "libc++";
				CLANG_WARN_EMPTY_BODY = YES;
				COPY_PHASE_STRIP = NO;
				DEAD_CODE_STRIPPING = NO;
				DSTROOT = /tmp/jsonrpc.dst;
				GCC_PRECOMPILE_PREFIX_HEADER = YES;
				GCC_PREFIX_HEADER = "jsonrpc/jsonrpc-Prefix.pch";
				IPHONEOS_DEPLOYMENT_TARGET = 4.3;
				OTHER_LDFLAGS = "-ObjC";
				PRODUCT_NAME = "$(TARGET_NAME)";
				PUBLIC_HEADERS_FOLDER_PATH = include/jsonrpc/;
				SKIP_INSTALL = YES;
				STRIP_STYLE = "non-global";
			};
			name = Release;
		};
		3BF5DC1F161B10D000428FA7 /* Debug */ = {
			isa = XCBuildConfiguration;
			buildSettings = {
				IPHONEOS_DEPLOYMENT_TARGET = 4.3;
				PRODUCT_NAME = "$(TARGET_NAME)";
				SEPARATE_STRIP = NO;
			};
			name = Debug;
		};
		3BF5DC20161B10D000428FA7 /* Release */ = {
			isa = XCBuildConfiguration;
			buildSettings = {
				IPHONEOS_DEPLOYMENT_TARGET = 4.3;
				PRODUCT_NAME = "$(TARGET_NAME)";
				SEPARATE_STRIP = NO;
			};
			name = Release;
		};
/* End XCBuildConfiguration section */

/* Begin XCConfigurationList section */
		3A9B621915ED2CD2009A74FB /* Build configuration list for PBXProject "objc-JSONRpc" */ = {
			isa = XCConfigurationList;
			buildConfigurations = (
				3A9B623515ED2CD2009A74FB /* Debug */,
				3A9B623615ED2CD2009A74FB /* Release */,
			);
			defaultConfigurationIsVisible = 0;
			defaultConfigurationName = Release;
		};
		3A9B623715ED2CD2009A74FB /* Build configuration list for PBXNativeTarget "objc-JSONRpc" */ = {
			isa = XCConfigurationList;
			buildConfigurations = (
				3A9B623815ED2CD2009A74FB /* Debug */,
				3A9B623915ED2CD2009A74FB /* Release */,
			);
			defaultConfigurationIsVisible = 0;
			defaultConfigurationName = Release;
		};
		3BE89852161ACF0600AEB2CD /* Build configuration list for PBXNativeTarget "jsonrpc" */ = {
			isa = XCConfigurationList;
			buildConfigurations = (
				3BE89850161ACF0600AEB2CD /* Debug */,
				3BE89851161ACF0600AEB2CD /* Release */,
			);
			defaultConfigurationIsVisible = 0;
			defaultConfigurationName = Release;
		};
		3BF5DC1E161B10D000428FA7 /* Build configuration list for PBXAggregateTarget "framework" */ = {
			isa = XCConfigurationList;
			buildConfigurations = (
				3BF5DC1F161B10D000428FA7 /* Debug */,
				3BF5DC20161B10D000428FA7 /* Release */,
			);
			defaultConfigurationIsVisible = 0;
			defaultConfigurationName = Release;
		};
/* End XCConfigurationList section */
	};
	rootObject = 3A9B621615ED2CD2009A74FB /* Project object */;
}
